
Microsoft Visual Studio Solution File, Format Version 12.00
# Visual Studio 2012
Project("{FAE04EC0-301F-11D3-BF4B-00C04F79EFBC}") = "001_TestRadGrid", "001_TestProject\001_TestRadGrid.csproj", "{E24E8902-2F53-4822-8547-6399DCA2A865}"
EndProject
Project("{FAE04EC0-301F-11D3-BF4B-00C04F79EFBC}") = "002_TestRadGrid", "002_TestProject\002_TestRadGrid.csproj", "{1E46258D-0E3B-4523-AE9D-DA1B0C9BD5F4}"
EndProject
Project("{2150E333-8FDC-42A3-9474-1A3956D46DE8}") = "NHibernate", "NHibernate", "{CCCA5960-C34C-4AEA-9FF6-FAFF8541039A}"
EndProject
Project("{2150E333-8FDC-42A3-9474-1A3956D46DE8}") = "Telerik_RadGrid", "Telerik_RadGrid", "{E4BA7D12-C145-4C3F-B87F-BCE95EE7CBFA}"
EndProject
Project("{FAE04EC0-301F-11D3-BF4B-00C04F79EFBC}") = "Domain", "Domain\Domain.csproj", "{3CC60E9C-CF57-4EBA-B2A8-9D92CAF86E0E}"
EndProject
Project("{FAE04EC0-301F-11D3-BF4B-00C04F79EFBC}") = "NhibernateTests", "NhibernateTests\NhibernateTests.csproj", "{5C9AF0DB-D336-415E-A79C-E14EEB1B27C2}"
EndProject
Project("{FAE04EC0-301F-11D3-BF4B-00C04F79EFBC}") = "NHibernateConsole", "NHibernateConsole\NHibernateConsole.csproj", "{D2331E15-275F-4EF2-8C72-DA10A3BE79AA}"
EndProject
Global
	GlobalSection(SolutionConfigurationPlatforms) = preSolution
		Debug|Any CPU = Debug|Any CPU
		Release|Any CPU = Release|Any CPU
	EndGlobalSection
	GlobalSection(ProjectConfigurationPlatforms) = postSolution
		{E24E8902-2F53-4822-8547-6399DCA2A865}.Debug|Any CPU.ActiveCfg = Debug|Any CPU
		{E24E8902-2F53-4822-8547-6399DCA2A865}.Debug|Any CPU.Build.0 = Debug|Any CPU
		{E24E8902-2F53-4822-8547-6399DCA2A865}.Release|Any CPU.ActiveCfg = Release|Any CPU
		{E24E8902-2F53-4822-8547-6399DCA2A865}.Release|Any CPU.Build.0 = Release|Any CPU
		{1E46258D-0E3B-4523-AE9D-DA1B0C9BD5F4}.Debug|Any CPU.ActiveCfg = Debug|Any CPU
		{1E46258D-0E3B-4523-AE9D-DA1B0C9BD5F4}.Debug|Any CPU.Build.0 = Debug|Any CPU
		{1E46258D-0E3B-4523-AE9D-DA1B0C9BD5F4}.Release|Any CPU.ActiveCfg = Release|Any CPU
		{1E46258D-0E3B-4523-AE9D-DA1B0C9BD5F4}.Release|Any CPU.Build.0 = Release|Any CPU
		{3CC60E9C-CF57-4EBA-B2A8-9D92CAF86E0E}.Debug|Any CPU.ActiveCfg = Debug|Any CPU
		{3CC60E9C-CF57-4EBA-B2A8-9D92CAF86E0E}.Debug|Any CPU.Build.0 = Debug|Any CPU
		{3CC60E9C-CF57-4EBA-B2A8-9D92CAF86E0E}.Release|Any CPU.ActiveCfg = Release|Any CPU
		{3CC60E9C-CF57-4EBA-B2A8-9D92CAF86E0E}.Release|Any CPU.Build.0 = Release|Any CPU
		{5C9AF0DB-D336-415E-A79C-E14EEB1B27C2}.Debug|Any CPU.ActiveCfg = Debug|Any CPU
		{5C9AF0DB-D336-415E-A79C-E14EEB1B27C2}.Debug|Any CPU.Build.0 = Debug|Any CPU
		{5C9AF0DB-D336-415E-A79C-E14EEB1B27C2}.Release|Any CPU.ActiveCfg = Release|Any CPU
		{5C9AF0DB-D336-415E-A79C-E14EEB1B27C2}.Release|Any CPU.Build.0 = Release|Any CPU
		{D2331E15-275F-4EF2-8C72-DA10A3BE79AA}.Debug|Any CPU.ActiveCfg = Debug|Any CPU
		{D2331E15-275F-4EF2-8C72-DA10A3BE79AA}.Debug|Any CPU.Build.0 = Debug|Any CPU
		{D2331E15-275F-4EF2-8C72-DA10A3BE79AA}.Release|Any CPU.ActiveCfg = Release|Any CPU
		{D2331E15-275F-4EF2-8C72-DA10A3BE79AA}.Release|Any CPU.Build.0 = Release|Any CPU
	EndGlobalSection
	GlobalSection(SolutionProperties) = preSolution
		HideSolutionNode = FALSE
	EndGlobalSection
	GlobalSection(NestedProjects) = preSolution
		{1E46258D-0E3B-4523-AE9D-DA1B0C9BD5F4} = {E4BA7D12-C145-4C3F-B87F-BCE95EE7CBFA}
		{E24E8902-2F53-4822-8547-6399DCA2A865} = {E4BA7D12-C145-4C3F-B87F-BCE95EE7CBFA}
		{3CC60E9C-CF57-4EBA-B2A8-9D92CAF86E0E} = {CCCA5960-C34C-4AEA-9FF6-FAFF8541039A}
		{5C9AF0DB-D336-415E-A79C-E14EEB1B27C2} = {CCCA5960-C34C-4AEA-9FF6-FAFF8541039A}
		{D2331E15-275F-4EF2-8C72-DA10A3BE79AA} = {CCCA5960-C34C-4AEA-9FF6-FAFF8541039A}
	EndGlobalSection
EndGlobal
